
Microsoft Visual Studio Solution File, Format Version 12.00
# Visual Studio Version 16
VisualStudioVersion = 16.0.29503.13
MinimumVisualStudioVersion = 10.0.40219.1
Project("{FAE04EC0-301F-11D3-BF4B-00C04F79EFBC}") = "ABMWebService", "ABMWebService.csproj", "{853A549B-A826-4A47-8C97-165CF560B64C}"
EndProject
Project("{FAE04EC0-301F-11D3-BF4B-00C04F79EFBC}") = "DocumentValidationApplication", "..\DocumentValidationApplication\DocumentValidationApplication.csproj", "{3A2A02B0-7975-44BD-9F95-0D8D7FB15701}"
	ProjectSection(ProjectDependencies) = postProject
		{853A549B-A826-4A47-8C97-165CF560B64C} = {853A549B-A826-4A47-8C97-165CF560B64C}
	EndProjectSection
EndProject
Global
	GlobalSection(SolutionConfigurationPlatforms) = preSolution
		Debug|Any CPU = Debug|Any CPU
		Release|Any CPU = Release|Any CPU
	EndGlobalSection
	GlobalSection(ProjectConfigurationPlatforms) = postSolution
		{853A549B-A826-4A47-8C97-165CF560B64C}.Debug|Any CPU.ActiveCfg = Debug|Any CPU
		{853A549B-A826-4A47-8C97-165CF560B64C}.Debug|Any CPU.Build.0 = Debug|Any CPU
		{853A549B-A826-4A47-8C97-165CF560B64C}.Release|Any CPU.ActiveCfg = Release|Any CPU
		{853A549B-A826-4A47-8C97-165CF560B64C}.Release|Any CPU.Build.0 = Release|Any CPU
		{3A2A02B0-7975-44BD-9F95-0D8D7FB15701}.Debug|Any CPU.ActiveCfg = Debug|Any CPU
		{3A2A02B0-7975-44BD-9F95-0D8D7FB15701}.Debug|Any CPU.Build.0 = Debug|Any CPU
		{3A2A02B0-7975-44BD-9F95-0D8D7FB15701}.Release|Any CPU.ActiveCfg = Release|Any CPU
		{3A2A02B0-7975-44BD-9F95-0D8D7FB15701}.Release|Any CPU.Build.0 = Release|Any CPU
	EndGlobalSection
	GlobalSection(SolutionProperties) = preSolution
		HideSolutionNode = FALSE
	EndGlobalSection
	GlobalSection(ExtensibilityGlobals) = postSolution
		SolutionGuid = {CA5C345E-664E-4EFA-A898-7B7AEBDAD293}
	EndGlobalSection
EndGlobal
